
Microsoft Visual Studio Solution File, Format Version 12.00
# Visual Studio Version 16
VisualStudioVersion = 16.0.30204.135
MinimumVisualStudioVersion = 10.0.40219.1
Project("{9A19103F-16F7-4668-BE54-9A1E7A4F7556}") = "HamBusCommonCore", "HamBusCommonCore.csproj", "{3518B6A7-9C8B-49DD-AA93-01D3F9D637D2}"
EndProject
Global
	GlobalSection(SolutionConfigurationPlatforms) = preSolution
		Debug|Any CPU = Debug|Any CPU
		Release|Any CPU = Release|Any CPU
	EndGlobalSection
	GlobalSection(ProjectConfigurationPlatforms) = postSolution
		{3518B6A7-9C8B-49DD-AA93-01D3F9D637D2}.Debug|Any CPU.ActiveCfg = Debug|Any CPU
		{3518B6A7-9C8B-49DD-AA93-01D3F9D637D2}.Debug|Any CPU.Build.0 = Debug|Any CPU
		{3518B6A7-9C8B-49DD-AA93-01D3F9D637D2}.Release|Any CPU.ActiveCfg = Release|Any CPU
		{3518B6A7-9C8B-49DD-AA93-01D3F9D637D2}.Release|Any CPU.Build.0 = Release|Any CPU
	EndGlobalSection
	GlobalSection(SolutionProperties) = preSolution
		HideSolutionNode = FALSE
	EndGlobalSection
	GlobalSection(ExtensibilityGlobals) = postSolution
		SolutionGuid = {DF855872-E697-4FE6-AA49-EC3CA9F06A92}
	EndGlobalSection
EndGlobal
